
Microsoft Visual Studio Solution File, Format Version 12.00
# Visual Studio Version 16
VisualStudioVersion = 16.0.31702.278
MinimumVisualStudioVersion = 10.0.40219.1
Project("{9A19103F-16F7-4668-BE54-9A1E7A4F7556}") = "Server", "Server.csproj", "{BB6DE6BA-EAB7-44F2-AF18-EB49EAA15C84}"
EndProject
Project("{9A19103F-16F7-4668-BE54-9A1E7A4F7556}") = "NotAGame", "..\Client\NotAGame.csproj", "{25279365-DC89-4951-862B-62F6C9735A22}"
EndProject
Global
	GlobalSection(SolutionConfigurationPlatforms) = preSolution
		Debug|Any CPU = Debug|Any CPU
		Release|Any CPU = Release|Any CPU
	EndGlobalSection
	GlobalSection(ProjectConfigurationPlatforms) = postSolution
		{BB6DE6BA-EAB7-44F2-AF18-EB49EAA15C84}.Debug|Any CPU.ActiveCfg = Debug|Any CPU
		{BB6DE6BA-EAB7-44F2-AF18-EB49EAA15C84}.Debug|Any CPU.Build.0 = Debug|Any CPU
		{BB6DE6BA-EAB7-44F2-AF18-EB49EAA15C84}.Release|Any CPU.ActiveCfg = Release|Any CPU
		{BB6DE6BA-EAB7-44F2-AF18-EB49EAA15C84}.Release|Any CPU.Build.0 = Release|Any CPU
		{25279365-DC89-4951-862B-62F6C9735A22}.Debug|Any CPU.ActiveCfg = Debug|Any CPU
		{25279365-DC89-4951-862B-62F6C9735A22}.Debug|Any CPU.Build.0 = Debug|Any CPU
		{25279365-DC89-4951-862B-62F6C9735A22}.Release|Any CPU.ActiveCfg = Release|Any CPU
		{25279365-DC89-4951-862B-62F6C9735A22}.Release|Any CPU.Build.0 = Release|Any CPU
	EndGlobalSection
	GlobalSection(SolutionProperties) = preSolution
		HideSolutionNode = FALSE
	EndGlobalSection
	GlobalSection(ExtensibilityGlobals) = postSolution
		SolutionGuid = {A37D4E79-F3CD-412D-9208-9D14F3E841DF}
	EndGlobalSection
EndGlobal
